// !$*UTF8*$!
{
	archiveVersion = 1;
	classes = {
	};
	objectVersion = 46;
	objects = {

/* Begin PBXBuildFile section */
		A669EF851D863BD6009E5D9A /* AppDelegate.m in Sources */ = {isa = PBXBuildFile; fileRef = A669EF841D863BD6009E5D9A /* AppDelegate.m */; };
		A669EF881D863BD6009E5D9A /* main.m in Sources */ = {isa = PBXBuildFile; fileRef = A669EF871D863BD6009E5D9A /* main.m */; };
		A669EF8B1D863BD6009E5D9A /* ViewController.m in Sources */ = {isa = PBXBuildFile; fileRef = A669EF8A1D863BD6009E5D9A /* ViewController.m */; };
		A669EF8D1D863BD6009E5D9A /* Assets.xcassets in Resources */ = {isa = PBXBuildFile; fileRef = A669EF8C1D863BD6009E5D9A /* Assets.xcassets */; };
		A669EF901D863BD6009E5D9A /* Main.storyboard in Resources */ = {isa = PBXBuildFile; fileRef = A669EF8E1D863BD6009E5D9A /* Main.storyboard */; };
		A669EFAB1D8643C8009E5D9A /* FMDatabase.m in Sources */ = {isa = PBXBuildFile; fileRef = A669EFA01D8643C8009E5D9A /* FMDatabase.m */; };
		A669EFAC1D8643C8009E5D9A /* FMDatabaseAdditions.m in Sources */ = {isa = PBXBuildFile; fileRef = A669EFA21D8643C8009E5D9A /* FMDatabaseAdditions.m */; };
		A669EFAD1D8643C8009E5D9A /* FMDatabasePool.m in Sources */ = {isa = PBXBuildFile; fileRef = A669EFA41D8643C8009E5D9A /* FMDatabasePool.m */; };
		A669EFAE1D8643C8009E5D9A /* FMDatabaseQueue.m in Sources */ = {isa = PBXBuildFile; fileRef = A669EFA61D8643C8009E5D9A /* FMDatabaseQueue.m */; };
		A669EFAF1D8643C8009E5D9A /* FMResultSet.m in Sources */ = {isa = PBXBuildFile; fileRef = A669EFA91D8643C8009E5D9A /* FMResultSet.m */; };
		A669EFB01D8643C8009E5D9A /* Info.plist in Resources */ = {isa = PBXBuildFile; fileRef = A669EFAA1D8643C8009E5D9A /* Info.plist */; };
		A669EFB21D8643DC009E5D9A /* libsqlite3.tbd in Frameworks */ = {isa = PBXBuildFile; fileRef = A669EFB11D8643DC009E5D9A /* libsqlite3.tbd */; };
		A669EFBE1D86A245009E5D9A /* CusStyle.m in Sources */ = {isa = PBXBuildFile; fileRef = A669EFBD1D86A245009E5D9A /* CusStyle.m */; };
/* End PBXBuildFile section */

/* Begin PBXFileReference section */
		A669EF801D863BD6009E5D9A /* RePriority.app */ = {isa = PBXFileReference; explicitFileType = wrapper.application; includeInIndex = 0; path = RePriority.app; sourceTree = BUILT_PRODUCTS_DIR; };
		A669EF831D863BD6009E5D9A /* AppDelegate.h */ = {isa = PBXFileReference; lastKnownFileType = sourcecode.c.h; path = AppDelegate.h; sourceTree = "<group>"; };
		A669EF841D863BD6009E5D9A /* AppDelegate.m */ = {isa = PBXFileReference; lastKnownFileType = sourcecode.c.objc; path = AppDelegate.m; sourceTree = "<group>"; };
		A669EF871D863BD6009E5D9A /* main.m */ = {isa = PBXFileReference; lastKnownFileType = sourcecode.c.objc; path = main.m; sourceTree = "<group>"; };
		A669EF891D863BD6009E5D9A /* ViewController.h */ = {isa = PBXFileReference; lastKnownFileType = sourcecode.c.h; path = ViewController.h; sourceTree = "<group>"; };
		A669EF8A1D863BD6009E5D9A /* ViewController.m */ = {isa = PBXFileReference; lastKnownFileType = sourcecode.c.objc; path = ViewController.m; sourceTree = "<group>"; };
		A669EF8C1D863BD6009E5D9A /* Assets.xcassets */ = {isa = PBXFileReference; lastKnownFileType = folder.assetcatalog; path = Assets.xcassets; sourceTree = "<group>"; };
		A669EF8F1D863BD6009E5D9A /* Base */ = {isa = PBXFileReference; lastKnownFileType = file.storyboard; name = Base; path = Base.lproj/Main.storyboard; sourceTree = "<group>"; };
		A669EF911D863BD6009E5D9A /* Info.plist */ = {isa = PBXFileReference; lastKnownFileType = text.plist.xml; path = Info.plist; sourceTree = "<group>"; };
		A669EF9F1D8643C8009E5D9A /* FMDatabase.h */ = {isa = PBXFileReference; fileEncoding = 4; lastKnownFileType = sourcecode.c.h; name = FMDatabase.h; path = fmdb/FMDatabase.h; sourceTree = "<group>"; };
		A669EFA01D8643C8009E5D9A /* FMDatabase.m */ = {isa = PBXFileReference; fileEncoding = 4; lastKnownFileType = sourcecode.c.objc; name = FMDatabase.m; path = fmdb/FMDatabase.m; sourceTree = "<group>"; };
		A669EFA11D8643C8009E5D9A /* FMDatabaseAdditions.h */ = {isa = PBXFileReference; fileEncoding = 4; lastKnownFileType = sourcecode.c.h; name = FMDatabaseAdditions.h; path = fmdb/FMDatabaseAdditions.h; sourceTree = "<group>"; };
		A669EFA21D8643C8009E5D9A /* FMDatabaseAdditions.m */ = {isa = PBXFileReference; fileEncoding = 4; lastKnownFileType = sourcecode.c.objc; name = FMDatabaseAdditions.m; path = fmdb/FMDatabaseAdditions.m; sourceTree = "<group>"; };
		A669EFA31D8643C8009E5D9A /* FMDatabasePool.h */ = {isa = PBXFileReference; fileEncoding = 4; lastKnownFileType = sourcecode.c.h; name = FMDatabasePool.h; path = fmdb/FMDatabasePool.h; sourceTree = "<group>"; };
		A669EFA41D8643C8009E5D9A /* FMDatabasePool.m */ = {isa = PBXFileReference; fileEncoding = 4; lastKnownFileType = sourcecode.c.objc; name = FMDatabasePool.m; path = fmdb/FMDatabasePool.m; sourceTree = "<group>"; };
		A669EFA51D8643C8009E5D9A /* FMDatabaseQueue.h */ = {isa = PBXFileReference; fileEncoding = 4; lastKnownFileType = sourcecode.c.h; name = FMDatabaseQueue.h; path = fmdb/FMDatabaseQueue.h; sourceTree = "<group>"; };
		A669EFA61D8643C8009E5D9A /* FMDatabaseQueue.m */ = {isa = PBXFileReference; fileEncoding = 4; lastKnownFileType = sourcecode.c.objc; name = FMDatabaseQueue.m; path = fmdb/FMDatabaseQueue.m; sourceTree = "<group>"; };
		A669EFA71D8643C8009E5D9A /* FMDB.h */ = {isa = PBXFileReference; fileEncoding = 4; lastKnownFileType = sourcecode.c.h; name = FMDB.h; path = fmdb/FMDB.h; sourceTree = "<group>"; };
		A669EFA81D8643C8009E5D9A /* FMResultSet.h */ = {isa = PBXFileReference; fileEncoding = 4; lastKnownFileType = sourcecode.c.h; name = FMResultSet.h; path = fmdb/FMResultSet.h; sourceTree = "<group>"; };
		A669EFA91D8643C8009E5D9A /* FMResultSet.m */ = {isa = PBXFileReference; fileEncoding = 4; lastKnownFileType = sourcecode.c.objc; name = FMResultSet.m; path = fmdb/FMResultSet.m; sourceTree = "<group>"; };
		A669EFAA1D8643C8009E5D9A /* Info.plist */ = {isa = PBXFileReference; fileEncoding = 4; lastKnownFileType = text.plist.xml; name = Info.plist; path = fmdb/Info.plist; sourceTree = "<group>"; };
		A669EFB11D8643DC009E5D9A /* libsqlite3.tbd */ = {isa = PBXFileReference; lastKnownFileType = "sourcecode.text-based-dylib-definition"; name = libsqlite3.tbd; path = usr/lib/libsqlite3.tbd; sourceTree = SDKROOT; };
		A669EFBC1D86A245009E5D9A /* CusStyle.h */ = {isa = PBXFileReference; fileEncoding = 4; lastKnownFileType = sourcecode.c.h; path = CusStyle.h; sourceTree = "<group>"; };
		A669EFBD1D86A245009E5D9A /* CusStyle.m */ = {isa = PBXFileReference; fileEncoding = 4; lastKnownFileType = sourcecode.c.objc; path = CusStyle.m; sourceTree = "<group>"; };
/* End PBXFileReference section */

/* Begin PBXFrameworksBuildPhase section */
		A669EF7D1D863BD6009E5D9A /* Frameworks */ = {
			isa = PBXFrameworksBuildPhase;
			buildActionMask = 2147483647;
			files = (
				A669EFB21D8643DC009E5D9A /* libsqlite3.tbd in Frameworks */,
			);
			runOnlyForDeploymentPostprocessing = 0;
		};
/* End PBXFrameworksBuildPhase section */

/* Begin PBXGroup section */
		A669EF771D863BD6009E5D9A = {
			isa = PBXGroup;
			children = (
				A669EFB11D8643DC009E5D9A /* libsqlite3.tbd */,
				A669EF821D863BD6009E5D9A /* RePriority */,
				A669EF811D863BD6009E5D9A /* Products */,
			);
			sourceTree = "<group>";
		};
		A669EF811D863BD6009E5D9A /* Products */ = {
			isa = PBXGroup;
			children = (
				A669EF801D863BD6009E5D9A /* RePriority.app */,
			);
			name = Products;
			sourceTree = "<group>";
		};
		A669EF821D863BD6009E5D9A /* RePriority */ = {
			isa = PBXGroup;
			children = (
				A669EF9A1D86439F009E5D9A /* FMDB */,
				A669EF831D863BD6009E5D9A /* AppDelegate.h */,
				A669EF841D863BD6009E5D9A /* AppDelegate.m */,
				A669EF891D863BD6009E5D9A /* ViewController.h */,
				A669EF8A1D863BD6009E5D9A /* ViewController.m */,
				A669EFBC1D86A245009E5D9A /* CusStyle.h */,
				A669EFBD1D86A245009E5D9A /* CusStyle.m */,
				A669EF8C1D863BD6009E5D9A /* Assets.xcassets */,
				A669EF8E1D863BD6009E5D9A /* Main.storyboard */,
				A669EF911D863BD6009E5D9A /* Info.plist */,
				A669EF861D863BD6009E5D9A /* Supporting Files */,
			);
			path = RePriority;
			sourceTree = "<group>";
		};
		A669EF861D863BD6009E5D9A /* Supporting Files */ = {
			isa = PBXGroup;
			children = (
				A669EF871D863BD6009E5D9A /* main.m */,
			);
			name = "Supporting Files";
			sourceTree = "<group>";
		};
		A669EF9A1D86439F009E5D9A /* FMDB */ = {
			isa = PBXGroup;
			children = (
				A669EF9F1D8643C8009E5D9A /* FMDatabase.h */,
				A669EFA01D8643C8009E5D9A /* FMDatabase.m */,
				A669EFA11D8643C8009E5D9A /* FMDatabaseAdditions.h */,
				A669EFA21D8643C8009E5D9A /* FMDatabaseAdditions.m */,
				A669EFA31D8643C8009E5D9A /* FMDatabasePool.h */,
				A669EFA41D8643C8009E5D9A /* FMDatabasePool.m */,
				A669EFA51D8643C8009E5D9A /* FMDatabaseQueue.h */,
				A669EFA61D8643C8009E5D9A /* FMDatabaseQueue.m */,
				A669EFA71D8643C8009E5D9A /* FMDB.h */,
				A669EFA81D8643C8009E5D9A /* FMResultSet.h */,
				A669EFA91D8643C8009E5D9A /* FMResultSet.m */,
				A669EFAA1D8643C8009E5D9A /* Info.plist */,
			);
			name = FMDB;
			sourceTree = "<group>";
		};
/* End PBXGroup section */

/* Begin PBXNativeTarget section */
		A669EF7F1D863BD6009E5D9A /* RePriority */ = {
			isa = PBXNativeTarget;
			buildConfigurationList = A669EF941D863BD6009E5D9A /* Build configuration list for PBXNativeTarget "RePriority" */;
			buildPhases = (
				A669EF7C1D863BD6009E5D9A /* Sources */,
				A669EF7D1D863BD6009E5D9A /* Frameworks */,
				A669EF7E1D863BD6009E5D9A /* Resources */,
			);
			buildRules = (
			);
			dependencies = (
			);
			name = RePriority;
			productName = RePriority;
			productReference = A669EF801D863BD6009E5D9A /* RePriority.app */;
			productType = "com.apple.product-type.application";
		};
/* End PBXNativeTarget section */

/* Begin PBXProject section */
		A669EF781D863BD6009E5D9A /* Project object */ = {
			isa = PBXProject;
			attributes = {
				LastUpgradeCheck = 0730;
				ORGANIZATIONNAME = Sunhy;
				TargetAttributes = {
					A669EF7F1D863BD6009E5D9A = {
						CreatedOnToolsVersion = 7.3.1;
					};
				};
			};
			buildConfigurationList = A669EF7B1D863BD6009E5D9A /* Build configuration list for PBXProject "RePriority" */;
			compatibilityVersion = "Xcode 3.2";
			developmentRegion = English;
			hasScannedForEncodings = 0;
			knownRegions = (
				en,
				Base,
			);
			mainGroup = A669EF771D863BD6009E5D9A;
			productRefGroup = A669EF811D863BD6009E5D9A /* Products */;
			projectDirPath = "";
			projectRoot = "";
			targets = (
				A669EF7F1D863BD6009E5D9A /* RePriority */,
			);
		};
/* End PBXProject section */

/* Begin PBXResourcesBuildPhase section */
		A669EF7E1D863BD6009E5D9A /* Resources */ = {
			isa = PBXResourcesBuildPhase;
			buildActionMask = 2147483647;
			files = (
				A669EF8D1D863BD6009E5D9A /* Assets.xcassets in Resources */,
				A669EF901D863BD6009E5D9A /* Main.storyboard in Resources */,
				A669EFB01D8643C8009E5D9A /* Info.plist in Resources */,
			);
			runOnlyForDeploymentPostprocessing = 0;
		};
/* End PBXResourcesBuildPhase section */

/* Begin PBXSourcesBuildPhase section */
		A669EF7C1D863BD6009E5D9A /* Sources */ = {
			isa = PBXSourcesBuildPhase;
			buildActionMask = 2147483647;
			files = (
				A669EF8B1D863BD6009E5D9A /* ViewController.m in Sources */,
				A669EFAE1D8643C8009E5D9A /* FMDatabaseQueue.m in Sources */,
				A669EF881D863BD6009E5D9A /* main.m in Sources */,
				A669EFAB1D8643C8009E5D9A /* FMDatabase.m in Sources */,
				A669EFAD1D8643C8009E5D9A /* FMDatabasePool.m in Sources */,
				A669EFAF1D8643C8009E5D9A /* FMResultSet.m in Sources */,
				A669EF851D863BD6009E5D9A /* AppDelegate.m in Sources */,
				A669EFAC1D8643C8009E5D9A /* FMDatabaseAdditions.m in Sources */,
				A669EFBE1D86A245009E5D9A /* CusStyle.m in Sources */,
			);
			runOnlyForDeploymentPostprocessing = 0;
		};
/* End PBXSourcesBuildPhase section */

/* Begin PBXVariantGroup section */
		A669EF8E1D863BD6009E5D9A /* Main.storyboard */ = {
			isa = PBXVariantGroup;
			children = (
				A669EF8F1D863BD6009E5D9A /* Base */,
			);
			name = Main.storyboard;
			sourceTree = "<group>";
		};
/* End PBXVariantGroup section */

/* Begin XCBuildConfiguration section */
		A669EF921D863BD6009E5D9A /* Debug */ = {
			isa = XCBuildConfiguration;
			buildSettings = {
				ALWAYS_SEARCH_USER_PATHS = NO;
				CLANG_ANALYZER_NONNULL = YES;
				CLANG_CXX_LANGUAGE_STANDARD = "gnu++0x";
				CLANG_CXX_LIBRARY = "libc++";
				CLANG_ENABLE_MODULES = YES;
				CLANG_ENABLE_OBJC_ARC = YES;
				CLANG_WARN_BOOL_CONVERSION = YES;
				CLANG_WARN_CONSTANT_CONVERSION = YES;
				CLANG_WARN_DIRECT_OBJC_ISA_USAGE = YES_ERROR;
				CLANG_WARN_EMPTY_BODY = YES;
				CLANG_WARN_ENUM_CONVERSION = YES;
				CLANG_WARN_INT_CONVERSION = YES;
				CLANG_WARN_OBJC_ROOT_CLASS = YES_ERROR;
				CLANG_WARN_UNREACHABLE_CODE = YES;
				CLANG_WARN__DUPLICATE_METHOD_MATCH = YES;
				CODE_SIGN_IDENTITY = "-";
				COPY_PHASE_STRIP = NO;
				DEBUG_INFORMATION_FORMAT = dwarf;
				ENABLE_STRICT_OBJC_MSGSEND = YES;
				ENABLE_TESTABILITY = YES;
				GCC_C_LANGUAGE_STANDARD = gnu99;
				GCC_DYNAMIC_NO_PIC = NO;
				GCC_NO_COMMON_BLOCKS = YES;
				GCC_OPTIMIZATION_LEVEL = 0;
				GCC_PREPROCESSOR_DEFINITIONS = (
					"DEBUG=1",
					"$(inherited)",
				);
				GCC_WARN_64_TO_32_BIT_CONVERSION = YES;
				GCC_WARN_ABOUT_RETURN_TYPE = YES_ERROR;
				GCC_WARN_UNDECLARED_SELECTOR = YES;
				GCC_WARN_UNINITIALIZED_AUTOS = YES_AGGRESSIVE;
				GCC_WARN_UNUSED_FUNCTION = YES;
				GCC_WARN_UNUSED_VARIABLE = YES;
				MACOSX_DEPLOYMENT_TARGET = 10.11;
				MTL_ENABLE_DEBUG_INFO = YES;
				ONLY_ACTIVE_ARCH = YES;
				SDKROOT = macosx;
			};
			name = Debug;
		};
		A669EF931D863BD6009E5D9A /* Release */ = {
			isa = XCBuildConfiguration;
			buildSettings = {
				ALWAYS_SEARCH_USER_PATHS = NO;
				CLANG_ANALYZER_NONNULL = YES;
				CLANG_CXX_LANGUAGE_STANDARD = "gnu++0x";
				CLANG_CXX_LIBRARY = "libc++";
				CLANG_ENABLE_MODULES = YES;
				CLANG_ENABLE_OBJC_ARC = YES;
				CLANG_WARN_BOOL_CONVERSION = YES;
				CLANG_WARN_CONSTANT_CONVERSION = YES;
				CLANG_WARN_DIRECT_OBJC_ISA_USAGE = YES_ERROR;
				CLANG_WARN_EMPTY_BODY = YES;
				CLANG_WARN_ENUM_CONVERSION = YES;
				CLANG_WARN_INT_CONVERSION = YES;
				CLANG_WARN_OBJC_ROOT_CLASS = YES_ERROR;
				CLANG_WARN_UNREACHABLE_CODE = YES;
				CLANG_WARN__DUPLICATE_METHOD_MATCH = YES;
				CODE_SIGN_IDENTITY = "-";
				COPY_PHASE_STRIP = NO;
				DEBUG_INFORMATION_FORMAT = "dwarf-with-dsym";
				ENABLE_NS_ASSERTIONS = NO;
				ENABLE_STRICT_OBJC_MSGSEND = YES;
				GCC_C_LANGUAGE_STANDARD = gnu99;
				GCC_NO_COMMON_BLOCKS = YES;
				GCC_WARN_64_TO_32_BIT_CONVERSION = YES;
				GCC_WARN_ABOUT_RETURN_TYPE = YES_ERROR;
				GCC_WARN_UNDECLARED_SELECTOR = YES;
				GCC_WARN_UNINITIALIZED_AUTOS = YES_AGGRESSIVE;
				GCC_WARN_UNUSED_FUNCTION = YES;
				GCC_WARN_UNUSED_VARIABLE = YES;
				MACOSX_DEPLOYMENT_TARGET = 10.11;
				MTL_ENABLE_DEBUG_INFO = NO;
				SDKROOT = macosx;
			};
			name = Release;
		};
		A669EF951D863BD6009E5D9A /* Debug */ = {
			isa = XCBuildConfiguration;
			buildSettings = {
				ASSETCATALOG_COMPILER_APPICON_NAME = AppIcon;
				COMBINE_HIDPI_IMAGES = YES;
				INFOPLIST_FILE = RePriority/Info.plist;
				LD_RUNPATH_SEARCH_PATHS = "$(inherited) @executable_path/../Frameworks";
				PRODUCT_BUNDLE_IDENTIFIER = Buaa.RePriority;
				PRODUCT_NAME = "$(TARGET_NAME)";
			};
			name = Debug;
		};
		A669EF961D863BD6009E5D9A /* Release */ = {
			isa = XCBuildConfiguration;
			buildSettings = {
				ASSETCATALOG_COMPILER_APPICON_NAME = AppIcon;
				COMBINE_HIDPI_IMAGES = YES;
				INFOPLIST_FILE = RePriority/Info.plist;
				LD_RUNPATH_SEARCH_PATHS = "$(inherited) @executable_path/../Frameworks";
				PRODUCT_BUNDLE_IDENTIFIER = Buaa.RePriority;
				PRODUCT_NAME = "$(TARGET_NAME)";
			};
			name = Release;
		};
/* End XCBuildConfiguration section */

/* Begin XCConfigurationList section */
		A669EF7B1D863BD6009E5D9A /* Build configuration list for PBXProject "RePriority" */ = {
			isa = XCConfigurationList;
			buildConfigurations = (
				A669EF921D863BD6009E5D9A /* Debug */,
				A669EF931D863BD6009E5D9A /* Release */,
			);
			defaultConfigurationIsVisible = 0;
			defaultConfigurationName = Release;
		};
		A669EF941D863BD6009E5D9A /* Build configuration list for PBXNativeTarget "RePriority" */ = {
			isa = XCConfigurationList;
			buildConfigurations = (
				A669EF951D863BD6009E5D9A /* Debug */,
				A669EF961D863BD6009E5D9A /* Release */,
			);
			defaultConfigurationIsVisible = 0;
			defaultConfigurationName = Release;
		};
/* End XCConfigurationList section */
	};
	rootObject = A669EF781D863BD6009E5D9A /* Project object */;
}
